# THIS IS AN AUTOGENERATED FILE. DO NOT EDIT THIS FILE DIRECTLY.
# yarn lockfile v1


"@fmfe/tms.js@^0.1.7":
  version "0.1.7"
  resolved "http://npm.followme.com/@fmfe%2ftms.js/-/tms.js-0.1.7.tgz#c6ab8c6d95a5f7e6b6c13b4a34b8233d2e4a6e7c"
  integrity sha1-xquMbZWl9+a2wTtKNLgjPS5Kbnw=

vue@^2.6.11:
  version "2.6.11"
  resolved "http://npm.followme.com/vue/-/vue-2.6.11.tgz#76594d877d4b12234406e84e35275c6d514125c5"
  integrity sha1-dllNh31LEiNEBuhONSdcbVFBJcU=
